{
  "version": 4,
  "terraform_version": "1.4.0",
  "serial": 246,
  "lineage": "36b13eca-7173-6afd-dcde-dad2a6cba379",
  "outputs": {
    "external_ip_address_vm-web-db_0": {
      "value": "51.250.19.23",
      "type": "string"
    },
    "external_ip_address_vm-web-db_1": {
      "value": "84.252.139.74",
      "type": "string"
    },
    "internal_ip_address_vm-web-db_0": {
      "value": "192.168.10.30",
      "type": "string"
    },
    "internal_ip_address_vm-web-db_1": {
      "value": "192.168.10.26",
      "type": "string"
    }
  },
  "resources": [
    {
      "mode": "managed",
      "type": "local_file",
      "name": "hosts_cfg",
      "provider": "provider[\"registry.terraform.io/hashicorp/local\"]",
      "instances": [
        {
          "schema_version": 0,
          "attributes": {
            "content": "[web_db]\n51.250.19.23\n84.252.139.74\n\n[envoy]\n51.250.29.203\n\n\n[observability]\n130.193.54.71\n\n[docker]\n51.250.19.23\n84.252.139.74\n51.250.29.203\n130.193.54.71\n",
            "content_base64": null,
            "content_base64sha256": "waIv6e8rUKqw73OqNbfzS/p1dgtcnVe303pqRk/ButY=",
            "content_base64sha512": "VH/2K1+DrYTfIJnS6U1fhhCOdDmjqQcGvwA8Z1Wfd3YDBx9jGfL2GPSTH3yDomxdWLuPAZ0wh5tOAecmHPig/w==",
            "content_md5": "a67a3f008e00da1285ddef4f2f6726f1",
            "content_sha1": "ab8771fe77d15c64ab93fa6a9ee5f23fdf5b7642",
            "content_sha256": "c1a22fe9ef2b50aab0ef73aa35b7f34bfa75760b5c9d57b7d37a6a464fc1bad6",
            "content_sha512": "547ff62b5f83ad84df2099d2e94d5f86108e7439a3a90706bf003c67559f777603071f6319f2f618f4931f7c83a26c5d58bb8f019d30879b4e01e7261cf8a0ff",
            "directory_permission": "0777",
            "file_permission": "0777",
            "filename": "../ansible/hosts.txt",
            "id": "ab8771fe77d15c64ab93fa6a9ee5f23fdf5b7642",
            "sensitive_content": null,
            "source": null
          },
          "sensitive_attributes": [],
          "dependencies": [
            "yandex_compute_instance.envoy",
            "yandex_compute_instance.observability",
            "yandex_compute_instance.vm-web-db",
            "yandex_vpc_subnet.subnet-1"
          ]
        }
      ]
    },
    {
      "mode": "managed",
      "type": "yandex_compute_instance",
      "name": "envoy",
      "provider": "provider[\"registry.terraform.io/yandex-cloud/yandex\"]",
      "instances": [
        {
          "schema_version": 1,
          "attributes": {
            "allow_recreate": null,
            "allow_stopping_for_update": null,
            "boot_disk": [
              {
                "auto_delete": true,
                "device_name": "epdmf4j1ecj441lvku7r",
                "disk_id": "epdmf4j1ecj441lvku7r",
                "initialize_params": [
                  {
                    "block_size": 4096,
                    "description": "",
                    "image_id": "fd8kdq6d0p8sij7h5qe3",
                    "name": "",
                    "size": 15,
                    "snapshot_id": "",
                    "type": "network-hdd"
                  }
                ],
                "mode": "READ_WRITE"
              }
            ],
            "created_at": "2023-05-18T13:45:31Z",
            "description": "",
            "filesystem": [],
            "folder_id": "b1gtij4i2ckak643qlik",
            "fqdn": "epdvtj9j3pstfeato49a.auto.internal",
            "gpu_cluster_id": "",
            "hostname": "",
            "id": "epdvtj9j3pstfeato49a",
            "labels": {},
            "local_disk": [],
            "metadata": {
              "user-data": "#cloud-config\nusers:\n  - name: ansible_master\n    groups: sudo\n    shell: /bin/bash\n    sudo: ['ALL=(ALL) NOPASSWD:ALL']\n    ssh_authorized_keys:\n      - ssh-rsa AAAAB3NzaC1yc2EAAAADAQABAAABgQC5q/t0PxDO2q/KIBoqGWJj4BghWYAJLsbqaTfy9Kj/lHvO6P9CgWAP49rOSr3qe2VKq3W21JBwcdlWb8dspBXDtYmNZ5+WrshHkM34FJU6SZuiUOlBP27b+ZaFDwsMTukraLHG5zQOuEGwyGtXPV2C/f4A5oEduDT6a2i1CG88b/jkcvfTmE50bwfY9R8cF4W39hGIaW1ELV1w/iKPQgdvzXT4B6ZGNZXIbiMPUCF4mvDtr8S8j6iizuplgOfGVQ4N5QbC/qbD7p2f8HPZX6NrAqdl9bGfM7x80n8iGzepw2iY8iRNXGH5+BrBFn04jgdXdV1Zb2y8bpl83F7JpB4ix5UILiwPvC3PU5fM1t0QjHUSvqOCGSavudOWfrh/pPlEUXADN+uX0vV4ovrjxBVcUjN5tLxlaHQmsPth8bgxvyp2JWN3Pw1scB+2kgs6C5q2TzUANX3zN9wA5GL/3Dcvf+BcTi/lgFo6HM+qxXTVd7HCgGwGb6uTU2RCWYU5hms= andrew_borovets@MacBook-Pro-Andrej-2.local\n"
            },
            "metadata_options": [
              {
                "aws_v1_http_endpoint": 1,
                "aws_v1_http_token": 2,
                "gce_http_endpoint": 1,
                "gce_http_token": 1
              }
            ],
            "name": "envoy-name",
            "network_acceleration_type": "standard",
            "network_interface": [
              {
                "dns_record": [],
                "index": 0,
                "ip_address": "192.168.10.11",
                "ipv4": true,
                "ipv6": false,
                "ipv6_address": "",
                "ipv6_dns_record": [],
                "mac_address": "d0:0d:1f:ec:d3:31",
                "nat": true,
                "nat_dns_record": [],
                "nat_ip_address": "51.250.29.203",
                "nat_ip_version": "IPV4",
                "security_group_ids": [],
                "subnet_id": "e2l0pu01als3gv5d3vjb"
              }
            ],
            "placement_policy": [
              {
                "host_affinity_rules": [],
                "placement_group_id": ""
              }
            ],
            "platform_id": "standard-v1",
            "resources": [
              {
                "core_fraction": 20,
                "cores": 2,
                "gpus": 0,
                "memory": 4
              }
            ],
            "scheduling_policy": [
              {
                "preemptible": true
              }
            ],
            "secondary_disk": [],
            "service_account_id": "",
            "status": "running",
            "timeouts": null,
            "zone": "ru-central1-b"
          },
          "sensitive_attributes": [],
          "private": "eyJlMmJmYjczMC1lY2FhLTExZTYtOGY4OC0zNDM2M2JjN2M0YzAiOnsiY3JlYXRlIjozMDAwMDAwMDAwMDAsImRlbGV0ZSI6MzAwMDAwMDAwMDAwLCJ1cGRhdGUiOjMwMDAwMDAwMDAwMH0sInNjaGVtYV92ZXJzaW9uIjoiMSJ9",
          "dependencies": [
            "yandex_vpc_network.network-1",
            "yandex_vpc_subnet.subnet-1"
          ]
        }
      ]
    },
    {
      "mode": "managed",
      "type": "yandex_compute_instance",
      "name": "observability",
      "provider": "provider[\"registry.terraform.io/yandex-cloud/yandex\"]",
      "instances": [
        {
          "schema_version": 1,
          "attributes": {
            "allow_recreate": null,
            "allow_stopping_for_update": null,
            "boot_disk": [
              {
                "auto_delete": true,
                "device_name": "epdb3qpl6qosviafol4j",
                "disk_id": "epdb3qpl6qosviafol4j",
                "initialize_params": [
                  {
                    "block_size": 4096,
                    "description": "",
                    "image_id": "fd8kdq6d0p8sij7h5qe3",
                    "name": "",
                    "size": 15,
                    "snapshot_id": "",
                    "type": "network-hdd"
                  }
                ],
                "mode": "READ_WRITE"
              }
            ],
            "created_at": "2023-05-18T16:56:49Z",
            "description": "",
            "filesystem": [],
            "folder_id": "b1gtij4i2ckak643qlik",
            "fqdn": "epda5fgdi9ifhb2q3il4.auto.internal",
            "gpu_cluster_id": "",
            "hostname": "",
            "id": "epda5fgdi9ifhb2q3il4",
            "labels": null,
            "local_disk": [],
            "metadata": {
              "user-data": "#cloud-config\nusers:\n  - name: ansible_master\n    groups: sudo\n    shell: /bin/bash\n    sudo: ['ALL=(ALL) NOPASSWD:ALL']\n    ssh_authorized_keys:\n      - ssh-rsa AAAAB3NzaC1yc2EAAAADAQABAAABgQC5q/t0PxDO2q/KIBoqGWJj4BghWYAJLsbqaTfy9Kj/lHvO6P9CgWAP49rOSr3qe2VKq3W21JBwcdlWb8dspBXDtYmNZ5+WrshHkM34FJU6SZuiUOlBP27b+ZaFDwsMTukraLHG5zQOuEGwyGtXPV2C/f4A5oEduDT6a2i1CG88b/jkcvfTmE50bwfY9R8cF4W39hGIaW1ELV1w/iKPQgdvzXT4B6ZGNZXIbiMPUCF4mvDtr8S8j6iizuplgOfGVQ4N5QbC/qbD7p2f8HPZX6NrAqdl9bGfM7x80n8iGzepw2iY8iRNXGH5+BrBFn04jgdXdV1Zb2y8bpl83F7JpB4ix5UILiwPvC3PU5fM1t0QjHUSvqOCGSavudOWfrh/pPlEUXADN+uX0vV4ovrjxBVcUjN5tLxlaHQmsPth8bgxvyp2JWN3Pw1scB+2kgs6C5q2TzUANX3zN9wA5GL/3Dcvf+BcTi/lgFo6HM+qxXTVd7HCgGwGb6uTU2RCWYU5hms= andrew_borovets@MacBook-Pro-Andrej-2.local\n"
            },
            "metadata_options": [
              {
                "aws_v1_http_endpoint": 1,
                "aws_v1_http_token": 2,
                "gce_http_endpoint": 1,
                "gce_http_token": 1
              }
            ],
            "name": "observability-name",
            "network_acceleration_type": "standard",
            "network_interface": [
              {
                "dns_record": [],
                "index": 0,
                "ip_address": "192.168.10.4",
                "ipv4": true,
                "ipv6": false,
                "ipv6_address": "",
                "ipv6_dns_record": [],
                "mac_address": "d0:0d:a2:be:0d:92",
                "nat": true,
                "nat_dns_record": [],
                "nat_ip_address": "130.193.54.71",
                "nat_ip_version": "IPV4",
                "security_group_ids": [],
                "subnet_id": "e2l0pu01als3gv5d3vjb"
              }
            ],
            "placement_policy": [
              {
                "host_affinity_rules": [],
                "placement_group_id": ""
              }
            ],
            "platform_id": "standard-v1",
            "resources": [
              {
                "core_fraction": 20,
                "cores": 2,
                "gpus": 0,
                "memory": 4
              }
            ],
            "scheduling_policy": [
              {
                "preemptible": true
              }
            ],
            "secondary_disk": [],
            "service_account_id": "",
            "status": "running",
            "timeouts": null,
            "zone": "ru-central1-b"
          },
          "sensitive_attributes": [],
          "private": "eyJlMmJmYjczMC1lY2FhLTExZTYtOGY4OC0zNDM2M2JjN2M0YzAiOnsiY3JlYXRlIjozMDAwMDAwMDAwMDAsImRlbGV0ZSI6MzAwMDAwMDAwMDAwLCJ1cGRhdGUiOjMwMDAwMDAwMDAwMH0sInNjaGVtYV92ZXJzaW9uIjoiMSJ9",
          "dependencies": [
            "yandex_vpc_subnet.subnet-1"
          ]
        }
      ]
    },
    {
      "mode": "managed",
      "type": "yandex_compute_instance",
      "name": "vm-web-db",
      "provider": "provider[\"registry.terraform.io/yandex-cloud/yandex\"]",
      "instances": [
        {
          "index_key": 0,
          "schema_version": 1,
          "attributes": {
            "allow_recreate": null,
            "allow_stopping_for_update": null,
            "boot_disk": [
              {
                "auto_delete": true,
                "device_name": "epd2e9momifn78g2in5u",
                "disk_id": "epd2e9momifn78g2in5u",
                "initialize_params": [
                  {
                    "block_size": 4096,
                    "description": "",
                    "image_id": "fd8kdq6d0p8sij7h5qe3",
                    "name": "",
                    "size": 10,
                    "snapshot_id": "",
                    "type": "network-hdd"
                  }
                ],
                "mode": "READ_WRITE"
              }
            ],
            "created_at": "2023-05-18T13:45:31Z",
            "description": "",
            "filesystem": [],
            "folder_id": "b1gtij4i2ckak643qlik",
            "fqdn": "epdqh44f6pq97e74lmdv.auto.internal",
            "gpu_cluster_id": "",
            "hostname": "",
            "id": "epdqh44f6pq97e74lmdv",
            "labels": {},
            "local_disk": [],
            "metadata": {
              "user-data": "#cloud-config\nusers:\n  - name: ansible_master\n    groups: sudo\n    shell: /bin/bash\n    sudo: ['ALL=(ALL) NOPASSWD:ALL']\n    ssh_authorized_keys:\n      - ssh-rsa AAAAB3NzaC1yc2EAAAADAQABAAABgQC5q/t0PxDO2q/KIBoqGWJj4BghWYAJLsbqaTfy9Kj/lHvO6P9CgWAP49rOSr3qe2VKq3W21JBwcdlWb8dspBXDtYmNZ5+WrshHkM34FJU6SZuiUOlBP27b+ZaFDwsMTukraLHG5zQOuEGwyGtXPV2C/f4A5oEduDT6a2i1CG88b/jkcvfTmE50bwfY9R8cF4W39hGIaW1ELV1w/iKPQgdvzXT4B6ZGNZXIbiMPUCF4mvDtr8S8j6iizuplgOfGVQ4N5QbC/qbD7p2f8HPZX6NrAqdl9bGfM7x80n8iGzepw2iY8iRNXGH5+BrBFn04jgdXdV1Zb2y8bpl83F7JpB4ix5UILiwPvC3PU5fM1t0QjHUSvqOCGSavudOWfrh/pPlEUXADN+uX0vV4ovrjxBVcUjN5tLxlaHQmsPth8bgxvyp2JWN3Pw1scB+2kgs6C5q2TzUANX3zN9wA5GL/3Dcvf+BcTi/lgFo6HM+qxXTVd7HCgGwGb6uTU2RCWYU5hms= andrew_borovets@MacBook-Pro-Andrej-2.local\n"
            },
            "metadata_options": [
              {
                "aws_v1_http_endpoint": 1,
                "aws_v1_http_token": 2,
                "gce_http_endpoint": 1,
                "gce_http_token": 1
              }
            ],
            "name": "vm-web-db-0",
            "network_acceleration_type": "standard",
            "network_interface": [
              {
                "dns_record": [],
                "index": 0,
                "ip_address": "192.168.10.30",
                "ipv4": true,
                "ipv6": false,
                "ipv6_address": "",
                "ipv6_dns_record": [],
                "mac_address": "d0:0d:1a:89:08:f3",
                "nat": true,
                "nat_dns_record": [],
                "nat_ip_address": "51.250.19.23",
                "nat_ip_version": "IPV4",
                "security_group_ids": [],
                "subnet_id": "e2l0pu01als3gv5d3vjb"
              }
            ],
            "placement_policy": [
              {
                "host_affinity_rules": [],
                "placement_group_id": ""
              }
            ],
            "platform_id": "standard-v1",
            "resources": [
              {
                "core_fraction": 20,
                "cores": 2,
                "gpus": 0,
                "memory": 2
              }
            ],
            "scheduling_policy": [
              {
                "preemptible": true
              }
            ],
            "secondary_disk": [],
            "service_account_id": "",
            "status": "running",
            "timeouts": null,
            "zone": "ru-central1-b"
          },
          "sensitive_attributes": [],
          "private": "eyJlMmJmYjczMC1lY2FhLTExZTYtOGY4OC0zNDM2M2JjN2M0YzAiOnsiY3JlYXRlIjozMDAwMDAwMDAwMDAsImRlbGV0ZSI6MzAwMDAwMDAwMDAwLCJ1cGRhdGUiOjMwMDAwMDAwMDAwMH0sInNjaGVtYV92ZXJzaW9uIjoiMSJ9",
          "dependencies": [
            "yandex_vpc_network.network-1",
            "yandex_vpc_subnet.subnet-1"
          ]
        },
        {
          "index_key": 1,
          "schema_version": 1,
          "attributes": {
            "allow_recreate": null,
            "allow_stopping_for_update": null,
            "boot_disk": [
              {
                "auto_delete": true,
                "device_name": "epddr9pdqs8b8dbfqi1l",
                "disk_id": "epddr9pdqs8b8dbfqi1l",
                "initialize_params": [
                  {
                    "block_size": 4096,
                    "description": "",
                    "image_id": "fd8kdq6d0p8sij7h5qe3",
                    "name": "",
                    "size": 10,
                    "snapshot_id": "",
                    "type": "network-hdd"
                  }
                ],
                "mode": "READ_WRITE"
              }
            ],
            "created_at": "2023-05-18T13:45:31Z",
            "description": "",
            "filesystem": [],
            "folder_id": "b1gtij4i2ckak643qlik",
            "fqdn": "epdn2ni66b79c3fejq9i.auto.internal",
            "gpu_cluster_id": "",
            "hostname": "",
            "id": "epdn2ni66b79c3fejq9i",
            "labels": {},
            "local_disk": [],
            "metadata": {
              "user-data": "#cloud-config\nusers:\n  - name: ansible_master\n    groups: sudo\n    shell: /bin/bash\n    sudo: ['ALL=(ALL) NOPASSWD:ALL']\n    ssh_authorized_keys:\n      - ssh-rsa AAAAB3NzaC1yc2EAAAADAQABAAABgQC5q/t0PxDO2q/KIBoqGWJj4BghWYAJLsbqaTfy9Kj/lHvO6P9CgWAP49rOSr3qe2VKq3W21JBwcdlWb8dspBXDtYmNZ5+WrshHkM34FJU6SZuiUOlBP27b+ZaFDwsMTukraLHG5zQOuEGwyGtXPV2C/f4A5oEduDT6a2i1CG88b/jkcvfTmE50bwfY9R8cF4W39hGIaW1ELV1w/iKPQgdvzXT4B6ZGNZXIbiMPUCF4mvDtr8S8j6iizuplgOfGVQ4N5QbC/qbD7p2f8HPZX6NrAqdl9bGfM7x80n8iGzepw2iY8iRNXGH5+BrBFn04jgdXdV1Zb2y8bpl83F7JpB4ix5UILiwPvC3PU5fM1t0QjHUSvqOCGSavudOWfrh/pPlEUXADN+uX0vV4ovrjxBVcUjN5tLxlaHQmsPth8bgxvyp2JWN3Pw1scB+2kgs6C5q2TzUANX3zN9wA5GL/3Dcvf+BcTi/lgFo6HM+qxXTVd7HCgGwGb6uTU2RCWYU5hms= andrew_borovets@MacBook-Pro-Andrej-2.local\n"
            },
            "metadata_options": [
              {
                "aws_v1_http_endpoint": 1,
                "aws_v1_http_token": 2,
                "gce_http_endpoint": 1,
                "gce_http_token": 1
              }
            ],
            "name": "vm-web-db-1",
            "network_acceleration_type": "standard",
            "network_interface": [
              {
                "dns_record": [],
                "index": 0,
                "ip_address": "192.168.10.26",
                "ipv4": true,
                "ipv6": false,
                "ipv6_address": "",
                "ipv6_dns_record": [],
                "mac_address": "d0:0d:17:15:e4:63",
                "nat": true,
                "nat_dns_record": [],
                "nat_ip_address": "84.252.139.74",
                "nat_ip_version": "IPV4",
                "security_group_ids": [],
                "subnet_id": "e2l0pu01als3gv5d3vjb"
              }
            ],
            "placement_policy": [
              {
                "host_affinity_rules": [],
                "placement_group_id": ""
              }
            ],
            "platform_id": "standard-v1",
            "resources": [
              {
                "core_fraction": 20,
                "cores": 2,
                "gpus": 0,
                "memory": 2
              }
            ],
            "scheduling_policy": [
              {
                "preemptible": true
              }
            ],
            "secondary_disk": [],
            "service_account_id": "",
            "status": "running",
            "timeouts": null,
            "zone": "ru-central1-b"
          },
          "sensitive_attributes": [],
          "private": "eyJlMmJmYjczMC1lY2FhLTExZTYtOGY4OC0zNDM2M2JjN2M0YzAiOnsiY3JlYXRlIjozMDAwMDAwMDAwMDAsImRlbGV0ZSI6MzAwMDAwMDAwMDAwLCJ1cGRhdGUiOjMwMDAwMDAwMDAwMH0sInNjaGVtYV92ZXJzaW9uIjoiMSJ9",
          "dependencies": [
            "yandex_vpc_network.network-1",
            "yandex_vpc_subnet.subnet-1"
          ]
        }
      ]
    },
    {
      "mode": "managed",
      "type": "yandex_vpc_network",
      "name": "network-1",
      "provider": "provider[\"registry.terraform.io/yandex-cloud/yandex\"]",
      "instances": [
        {
          "schema_version": 0,
          "attributes": {
            "created_at": "2023-05-18T13:45:28Z",
            "default_security_group_id": "",
            "description": "",
            "folder_id": "b1gtij4i2ckak643qlik",
            "id": "enppl2gd3mseuia7lmdq",
            "labels": {},
            "name": "network1",
            "subnet_ids": [
              "e2l0pu01als3gv5d3vjb"
            ],
            "timeouts": null
          },
          "sensitive_attributes": [],
          "private": "eyJlMmJmYjczMC1lY2FhLTExZTYtOGY4OC0zNDM2M2JjN2M0YzAiOnsiY3JlYXRlIjo2MDAwMDAwMDAwMCwiZGVsZXRlIjo2MDAwMDAwMDAwMCwidXBkYXRlIjo2MDAwMDAwMDAwMH19"
        }
      ]
    },
    {
      "mode": "managed",
      "type": "yandex_vpc_subnet",
      "name": "subnet-1",
      "provider": "provider[\"registry.terraform.io/yandex-cloud/yandex\"]",
      "instances": [
        {
          "schema_version": 0,
          "attributes": {
            "created_at": "2023-05-18T13:45:29Z",
            "description": "",
            "dhcp_options": [],
            "folder_id": "b1gtij4i2ckak643qlik",
            "id": "e2l0pu01als3gv5d3vjb",
            "labels": {},
            "name": "subnet1",
            "network_id": "enppl2gd3mseuia7lmdq",
            "route_table_id": "",
            "timeouts": null,
            "v4_cidr_blocks": [
              "192.168.10.0/24"
            ],
            "v6_cidr_blocks": [],
            "zone": "ru-central1-b"
          },
          "sensitive_attributes": [],
          "private": "eyJlMmJmYjczMC1lY2FhLTExZTYtOGY4OC0zNDM2M2JjN2M0YzAiOnsiY3JlYXRlIjoxODAwMDAwMDAwMDAsImRlbGV0ZSI6MTgwMDAwMDAwMDAwLCJ1cGRhdGUiOjE4MDAwMDAwMDAwMH19",
          "dependencies": [
            "yandex_vpc_network.network-1"
          ]
        }
      ]
    }
  ],
  "check_results": null
}
